
Microsoft Visual Studio Solution File, Format Version 12.00
# Visual Studio 2013
VisualStudioVersion = 12.0.21005.1
MinimumVisualStudioVersion = 10.0.40219.1
Project("{FAE04EC0-301F-11D3-BF4B-00C04F79EFBC}") = "AurCore", "AurCore\AurCore.csproj", "{5720F4CB-D262-401A-9C87-F524DDEE347B}"
EndProject
Project("{FAE04EC0-301F-11D3-BF4B-00C04F79EFBC}") = "AurDesktop", "AurDesktop\AurDesktop.csproj", "{1D4CFEB4-9454-4445-8FC1-3ADD800F0BA2}"
EndProject
Global
	GlobalSection(SolutionConfigurationPlatforms) = preSolution
		Debug|Any CPU = Debug|Any CPU
		Release|Any CPU = Release|Any CPU
	EndGlobalSection
	GlobalSection(ProjectConfigurationPlatforms) = postSolution
		{5720F4CB-D262-401A-9C87-F524DDEE347B}.Debug|Any CPU.ActiveCfg = Debug|Any CPU
		{5720F4CB-D262-401A-9C87-F524DDEE347B}.Debug|Any CPU.Build.0 = Debug|Any CPU
		{5720F4CB-D262-401A-9C87-F524DDEE347B}.Release|Any CPU.ActiveCfg = Release|Any CPU
		{5720F4CB-D262-401A-9C87-F524DDEE347B}.Release|Any CPU.Build.0 = Release|Any CPU
		{1D4CFEB4-9454-4445-8FC1-3ADD800F0BA2}.Debug|Any CPU.ActiveCfg = Debug|Any CPU
		{1D4CFEB4-9454-4445-8FC1-3ADD800F0BA2}.Debug|Any CPU.Build.0 = Debug|Any CPU
		{1D4CFEB4-9454-4445-8FC1-3ADD800F0BA2}.Release|Any CPU.ActiveCfg = Release|Any CPU
		{1D4CFEB4-9454-4445-8FC1-3ADD800F0BA2}.Release|Any CPU.Build.0 = Release|Any CPU
	EndGlobalSection
	GlobalSection(SolutionProperties) = preSolution
		HideSolutionNode = FALSE
	EndGlobalSection
	GlobalSection(MonoDevelopProperties) = preSolution
		StartupItem = seasonalert\saDesktop.csproj
	EndGlobalSection
EndGlobal
